
Microsoft Visual Studio Solution File, Format Version 12.00
# Visual Studio Version 17
VisualStudioVersion = 17.5.002.0
MinimumVisualStudioVersion = 10.0.40219.1
Project("{9A19103F-16F7-4668-BE54-9A1E7A4F7556}") = "CleanArchitecture", "CleanArchitecture.csproj", "{258F8D50-01AC-4768-AAFA-DC64901FA5F4}"
EndProject
Global
	GlobalSection(SolutionConfigurationPlatforms) = preSolution
		Debug|Any CPU = Debug|Any CPU
		Release|Any CPU = Release|Any CPU
	EndGlobalSection
	GlobalSection(ProjectConfigurationPlatforms) = postSolution
		{258F8D50-01AC-4768-AAFA-DC64901FA5F4}.Debug|Any CPU.ActiveCfg = Debug|Any CPU
		{258F8D50-01AC-4768-AAFA-DC64901FA5F4}.Debug|Any CPU.Build.0 = Debug|Any CPU
		{258F8D50-01AC-4768-AAFA-DC64901FA5F4}.Release|Any CPU.ActiveCfg = Release|Any CPU
		{258F8D50-01AC-4768-AAFA-DC64901FA5F4}.Release|Any CPU.Build.0 = Release|Any CPU
	EndGlobalSection
	GlobalSection(SolutionProperties) = preSolution
		HideSolutionNode = FALSE
	EndGlobalSection
	GlobalSection(ExtensibilityGlobals) = postSolution
		SolutionGuid = {0364F287-B66B-480F-89BE-B600B6EB5B56}
	EndGlobalSection
EndGlobal
